{
	"requires": true,
	"lockfileVersion": 1,
	"dependencies": {
		"typescript-map": {
			"version": "0.0.5",
			"resolved": "https://registry.npmjs.org/typescript-map/-/typescript-map-0.0.5.tgz",
			"integrity": "sha512-6hvDEcQBfg/3snSLEXnNQ16rKypoiSJGTDp/i/QlheQt1Jj8wuXeV4GI6mz990BJjdGC14aNJCQu5OAT8VPNQQ=="
		}
	}
}
